<?xml version="1.0" encoding="utf-8"?>
<Project ToolsVersion="4.0" xmlns="http://schemas.microsoft.com/developer/msbuild/2003">
	<ItemGroup>
		<Filter Include="data">
			<UniqueIdentifier>{105482D8-D17D-4A47-8728-7A2705E04F31}</UniqueIdentifier>
		</Filter>
	</ItemGroup>
	<ItemGroup>
		<ClCompile Include="BasicImpostor.cpp" />
	</ItemGroup>
	<ItemGroup>
		<None Include="data\BasicImpostor.vert">
			<Filter>data</Filter>
		</None>
		<None Include="data\BasicImpostor.frag">
			<Filter>data</Filter>
		</None>
		<None Include="data\DepthImpostor.vert">
			<Filter>data</Filter>
		</None>
		<None Include="data\DepthImpostor.frag">
			<Filter>data</Filter>
		</None>
		<None Include="data\PerspImpostor.vert">
			<Filter>data</Filter>
		</None>
		<None Include="data\PerspImpostor.frag">
			<Filter>data</Filter>
		</None>
		<None Include="data\PN.vert">
			<Filter>data</Filter>
		</None>
		<None Include="data\Lighting.frag">
			<Filter>data</Filter>
		</None>
	</ItemGroup>
</Project>
