<?xml version="1.0" encoding="utf-8"?>
<Project ToolsVersion="4.0" xmlns="http://schemas.microsoft.com/developer/msbuild/2003">
	<ItemGroup>
		<Filter Include="data">
			<UniqueIdentifier>{2956041D-2E19-2446-93FE-BB02AA464B3E}</UniqueIdentifier>
		</Filter>
	</ItemGroup>
	<ItemGroup>
		<ClCompile Include="Double Projection.cpp" />
	</ItemGroup>
	<ItemGroup>
		<None Include="data\litTexture.vert">
			<Filter>data</Filter>
		</None>
		<None Include="data\litTexture.frag">
			<Filter>data</Filter>
		</None>
	</ItemGroup>
</Project>
