<?xml version="1.0" encoding="utf-8"?>
<Project ToolsVersion="4.0" xmlns="http://schemas.microsoft.com/developer/msbuild/2003">
	<ItemGroup>
		<Filter Include="data">
			<UniqueIdentifier>{E1A38F95-67F9-FC4A-A960-62B960B90F20}</UniqueIdentifier>
		</Filter>
	</ItemGroup>
	<ItemGroup>
		<ClCompile Include="Projected Light.cpp" />
	</ItemGroup>
	<ItemGroup>
		<None Include="data\projLight.vert">
			<Filter>data</Filter>
		</None>
		<None Include="data\projLight.frag">
			<Filter>data</Filter>
		</None>
	</ItemGroup>
</Project>
