<?xml version="1.0" encoding="utf-8"?>
<Project ToolsVersion="4.0" xmlns="http://schemas.microsoft.com/developer/msbuild/2003">
	<ItemGroup>
		<Filter Include="data">
			<UniqueIdentifier>{67DA4E5A-7F80-DE4D-BA3D-23ECFE7B9480}</UniqueIdentifier>
		</Filter>
	</ItemGroup>
	<ItemGroup>
		<ClCompile Include="Basic Texture.cpp" />
	</ItemGroup>
	<ItemGroup>
		<None Include="data\PN.vert">
			<Filter>data</Filter>
		</None>
		<None Include="data\ShaderGaussian.frag">
			<Filter>data</Filter>
		</None>
		<None Include="data\TextureGaussian.frag">
			<Filter>data</Filter>
		</None>
	</ItemGroup>
</Project>
