<?xml version="1.0" encoding="utf-8"?>
<Project ToolsVersion="4.0" xmlns="http://schemas.microsoft.com/developer/msbuild/2003">
	<ItemGroup>
		<Filter Include="data">
			<UniqueIdentifier>{10A99EE0-7A41-3748-AD3A-C0EF35EAAF0C}</UniqueIdentifier>
		</Filter>
	</ItemGroup>
	<ItemGroup>
		<ClCompile Include="Rotations.cpp" />
	</ItemGroup>
	<ItemGroup>
		<None Include="data\ColorPassthrough.frag">
			<Filter>data</Filter>
		</None>
		<None Include="data\PosColorLocalTransform.vert">
			<Filter>data</Filter>
		</None>
	</ItemGroup>
</Project>
