<?xml version="1.0" encoding="utf-8"?>
<Project ToolsVersion="4.0" xmlns="http://schemas.microsoft.com/developer/msbuild/2003">
	<ItemGroup>
		<Filter Include="data">
			<UniqueIdentifier>{EA5E6CC0-1237-FD4E-9063-D344E6EE7915}</UniqueIdentifier>
		</Filter>
	</ItemGroup>
	<ItemGroup>
		<ClCompile Include="DepthFighting.cpp" />
	</ItemGroup>
	<ItemGroup>
		<None Include="data\Standard.frag">
			<Filter>data</Filter>
		</None>
		<None Include="data\Standard.vert">
			<Filter>data</Filter>
		</None>
	</ItemGroup>
</Project>
