<?xml version="1.0" encoding="utf-8"?>
<Project ToolsVersion="4.0" xmlns="http://schemas.microsoft.com/developer/msbuild/2003">
	<ItemGroup>
		<Filter Include="data">
			<UniqueIdentifier>{204FE813-2A2E-D641-B00E-E372D02F7570}</UniqueIdentifier>
		</Filter>
	</ItemGroup>
	<ItemGroup>
		<ClCompile Include="AspectRatio.cpp" />
	</ItemGroup>
	<ItemGroup>
		<None Include="data\StandardColors.frag">
			<Filter>data</Filter>
		</None>
		<None Include="data\MatrixPerspective.vert">
			<Filter>data</Filter>
		</None>
	</ItemGroup>
</Project>
