<?xml version="1.0" encoding="utf-8"?>
<Project ToolsVersion="4.0" xmlns="http://schemas.microsoft.com/developer/msbuild/2003">
	<ItemGroup>
		<Filter Include="data">
			<UniqueIdentifier>{F6EB7BBD-D326-734A-9097-05F23DAF4088}</UniqueIdentifier>
		</Filter>
	</ItemGroup>
	<ItemGroup>
		<ClCompile Include="fragChangeColor.cpp" />
	</ItemGroup>
	<ItemGroup>
		<None Include="data\calcOffset.vert">
			<Filter>data</Filter>
		</None>
		<None Include="data\calcColor.frag">
			<Filter>data</Filter>
		</None>
	</ItemGroup>
</Project>
